
Microsoft Visual Studio Solution File, Format Version 12.00
# Visual Studio Version 17
VisualStudioVersion = 17.3.32811.315
MinimumVisualStudioVersion = 10.0.40219.1
Project("{FAE04EC0-301F-11D3-BF4B-00C04F79EFBC}") = "VideoPlayer", "VideoPlayer\VideoPlayer.csproj", "{94B19A70-3F0D-4E7F-9249-4CBDC97D92F9}"
EndProject
Project("{FAE04EC0-301F-11D3-BF4B-00C04F79EFBC}") = "Classes", "Classes\Classes.csproj", "{FFB9C128-CA7E-40BB-BBCD-7B28707C6719}"
EndProject
Project("{9A19103F-16F7-4668-BE54-9A1E7A4F7556}") = "VideoPlayer.Database.Repository", "VideoPlayer.Database.Repository\VideoPlayer.Database.Repository.csproj", "{A5DB04F0-1DFF-4533-8C49-EE4F1519B5FF}"
EndProject
Project("{9A19103F-16F7-4668-BE54-9A1E7A4F7556}") = "VideoPlayer.Helpers", "VideoPlayer.Helpers\VideoPlayer.Helpers.csproj", "{2B1B69BB-FFF7-4DD6-967B-CA5180EBEE85}"
EndProject
Project("{2150E333-8FDC-42A3-9474-1A3956D46DE8}") = "Database", "Database", "{AB865795-450F-4980-B7C9-238E49C2D5E0}"
EndProject
Project("{9A19103F-16F7-4668-BE54-9A1E7A4F7556}") = "VideoPlayer.Services", "VideoPlayer.Services\VideoPlayer.Services.csproj", "{8C8E56E4-9B91-4EC1-82CA-7EC017E4E43A}"
EndProject
Project("{9A19103F-16F7-4668-BE54-9A1E7A4F7556}") = "VideoPlayer.Common", "VideoPlayer.Common\VideoPlayer.Common.csproj", "{85D3796A-9536-460E-8FF0-F96ACD68878F}"
EndProject
Project("{2150E333-8FDC-42A3-9474-1A3956D46DE8}") = "Modules", "Modules", "{D5A6E48F-B4F3-4079-920E-62429AB43D28}"
EndProject
Project("{FAE04EC0-301F-11D3-BF4B-00C04F79EFBC}") = "Module", "Module\Module.csproj", "{27F28F3A-17FE-4EE3-ABF4-1A13EA1ABFF5}"
EndProject
Project("{FAE04EC0-301F-11D3-BF4B-00C04F79EFBC}") = "VideoPlayer.Infrastructure", "VideoPlayer.Infrastructure\VideoPlayer.Infrastructure.csproj", "{80E2C9D4-F13F-482E-BC5D-678E61A88FA6}"
EndProject
Project("{FAE04EC0-301F-11D3-BF4B-00C04F79EFBC}") = "VlcPlayer", "VlcPlayer\VlcPlayer.csproj", "{A060B03D-3DEF-4826-888F-1B80059B7E13}"
EndProject
Project("{FAE04EC0-301F-11D3-BF4B-00C04F79EFBC}") = "HomeModule", "HomeModule\HomeModule.csproj", "{36E21D50-504F-4AE2-946E-B4693F23C905}"
EndProject
Project("{2150E333-8FDC-42A3-9474-1A3956D46DE8}") = "Test", "Test", "{8C06431A-4DBC-4E1B-8EAD-B925CD72A3EC}"
EndProject
Project("{FAE04EC0-301F-11D3-BF4B-00C04F79EFBC}") = "PlaylistModule", "Modules\PlaylistModule\PlaylistModule.csproj", "{B7AA01EE-C40D-4D5F-AF7D-85050154D1EC}"
EndProject
Project("{FAE04EC0-301F-11D3-BF4B-00C04F79EFBC}") = "VideosListModule", "VideosListModule\VideosListModule.csproj", "{57309725-0F3D-4A63-B876-05366E0DE7DF}"
EndProject
Project("{FAE04EC0-301F-11D3-BF4B-00C04F79EFBC}") = "InformationEditionModule", "InformationEditionModule\InformationEditionModule.csproj", "{5638EDFA-60FA-49B9-A7D3-99B043BF7EF5}"
EndProject
Project("{FAE04EC0-301F-11D3-BF4B-00C04F79EFBC}") = "LeDragon.Controls", "LeDragon.Controls\LeDragon.Controls.csproj", "{3B7B2CA0-A0E1-44EB-AD21-2B15919AA62D}"
EndProject
Project("{FAE04EC0-301F-11D3-BF4B-00C04F79EFBC}") = "ManageLibraryModule", "ManageLibraryModule\ManageLibraryModule.csproj", "{AC0283FC-4A42-4BFE-8158-BDB7F2BF6D17}"
EndProject
Project("{FAE04EC0-301F-11D3-BF4B-00C04F79EFBC}") = "VideoPlayer.SettingsModule", "VideoPlayer.SettingsModule\VideoPlayer.SettingsModule.csproj", "{5030B19E-A359-4628-9A56-9930FB0DC429}"
EndProject
Project("{FAE04EC0-301F-11D3-BF4B-00C04F79EFBC}") = "VideoPlayer.VideoListInteraction", "VideoPlayer.VideoListInteraction\VideoPlayer.VideoListInteraction.csproj", "{34630FE1-166E-49BC-B527-E47E2BF81AA2}"
EndProject
Project("{FAE04EC0-301F-11D3-BF4B-00C04F79EFBC}") = "VideoPlayer.PlaylistManagement", "VideoPlayer.PlaylistManagement\VideoPlayer.PlaylistManagement.csproj", "{52F602CD-701F-4CCB-BE12-BBB1503DC9BD}"
EndProject
Project("{9A19103F-16F7-4668-BE54-9A1E7A4F7556}") = "LeDragon.Log.Standard", "LeDragon.Log.Standard\LeDragon.Log.Standard.csproj", "{EAF0CE5C-ADA1-4990-932C-31EFE7C4CD3E}"
EndProject
Project("{9A19103F-16F7-4668-BE54-9A1E7A4F7556}") = "VideoPlayer.Nfo", "VideoPlayer.Nfo\VideoPlayer.Nfo.csproj", "{39ADC655-7F6D-4C16-BF9D-AB95FCDCA1A8}"
EndProject
Project("{9A19103F-16F7-4668-BE54-9A1E7A4F7556}") = "VideoPlayer.Entities", "VideoPlayer.Entities\VideoPlayer.Entities.csproj", "{D69E3157-18F8-4AEF-A224-623845B017ED}"
EndProject
Project("{2150E333-8FDC-42A3-9474-1A3956D46DE8}") = "netstandard", "netstandard", "{88338723-DC28-4CF8-9537-4C1C746ABD58}"
EndProject
Project("{2150E333-8FDC-42A3-9474-1A3956D46DE8}") = "WPF", "WPF", "{6F087F5F-839F-4829-B1FB-1BC2F8F4C0C6}"
EndProject
Project("{9A19103F-16F7-4668-BE54-9A1E7A4F7556}") = "VideoPlayer.WebAPI", "VideoPlayer.WebAPI\VideoPlayer.WebAPI.csproj", "{5F9ED3EC-59BD-44FD-B836-2DDFFAAA424B}"
EndProject
Project("{9A19103F-16F7-4668-BE54-9A1E7A4F7556}") = "VideoPlayer.NfoExtractor", "VideoPlayer.NfoExtractor\VideoPlayer.NfoExtractor.csproj", "{2265181D-CE7B-4F41-8882-94B240007887}"
EndProject
Project("{9A19103F-16F7-4668-BE54-9A1E7A4F7556}") = "VideoPlayer.ImageExtractor", "VideoPlayer.ImageExtractor\VideoPlayer.ImageExtractor.csproj", "{BF886DA3-B98E-4D0B-B340-3A1BAA632FE9}"
EndProject
Project("{9A19103F-16F7-4668-BE54-9A1E7A4F7556}") = "VideoPlayer.Ffmpeg", "VideoPlayer.Ffmpeg\VideoPlayer.Ffmpeg.csproj", "{9E020E06-96B4-48A4-9692-5446955A5EB7}"
EndProject
Project("{9A19103F-16F7-4668-BE54-9A1E7A4F7556}") = "VideoPlayer.Ffmpeg.Test", "VideoPlayer.Ffmpeg.Test\VideoPlayer.Ffmpeg.Test.csproj", "{B04B9CF5-41FE-45E9-9F53-C8C1BC895410}"
EndProject
Project("{FAE04EC0-301F-11D3-BF4B-00C04F79EFBC}") = "VideoPlayer.Database.Repository.Contracts", "VideoPlayer.Database.Repository.Contracts\VideoPlayer.Database.Repository.Contracts.csproj", "{5C882A85-BB32-4D0A-A2D3-3635ADACD310}"
EndProject
Global
	GlobalSection(SolutionConfigurationPlatforms) = preSolution
		Debug|Any CPU = Debug|Any CPU
		Release|Any CPU = Release|Any CPU
	EndGlobalSection
	GlobalSection(ProjectConfigurationPlatforms) = postSolution
		{94B19A70-3F0D-4E7F-9249-4CBDC97D92F9}.Debug|Any CPU.ActiveCfg = Debug|Any CPU
		{94B19A70-3F0D-4E7F-9249-4CBDC97D92F9}.Debug|Any CPU.Build.0 = Debug|Any CPU
		{94B19A70-3F0D-4E7F-9249-4CBDC97D92F9}.Release|Any CPU.ActiveCfg = Release|Any CPU
		{94B19A70-3F0D-4E7F-9249-4CBDC97D92F9}.Release|Any CPU.Build.0 = Release|Any CPU
		{FFB9C128-CA7E-40BB-BBCD-7B28707C6719}.Debug|Any CPU.ActiveCfg = Debug|Any CPU
		{FFB9C128-CA7E-40BB-BBCD-7B28707C6719}.Debug|Any CPU.Build.0 = Debug|Any CPU
		{FFB9C128-CA7E-40BB-BBCD-7B28707C6719}.Release|Any CPU.ActiveCfg = Release|Any CPU
		{FFB9C128-CA7E-40BB-BBCD-7B28707C6719}.Release|Any CPU.Build.0 = Release|Any CPU
		{A5DB04F0-1DFF-4533-8C49-EE4F1519B5FF}.Debug|Any CPU.ActiveCfg = Debug|Any CPU
		{A5DB04F0-1DFF-4533-8C49-EE4F1519B5FF}.Debug|Any CPU.Build.0 = Debug|Any CPU
		{A5DB04F0-1DFF-4533-8C49-EE4F1519B5FF}.Release|Any CPU.ActiveCfg = Release|Any CPU
		{A5DB04F0-1DFF-4533-8C49-EE4F1519B5FF}.Release|Any CPU.Build.0 = Release|Any CPU
		{2B1B69BB-FFF7-4DD6-967B-CA5180EBEE85}.Debug|Any CPU.ActiveCfg = Debug|Any CPU
		{2B1B69BB-FFF7-4DD6-967B-CA5180EBEE85}.Debug|Any CPU.Build.0 = Debug|Any CPU
		{2B1B69BB-FFF7-4DD6-967B-CA5180EBEE85}.Release|Any CPU.ActiveCfg = Release|Any CPU
		{2B1B69BB-FFF7-4DD6-967B-CA5180EBEE85}.Release|Any CPU.Build.0 = Release|Any CPU
		{8C8E56E4-9B91-4EC1-82CA-7EC017E4E43A}.Debug|Any CPU.ActiveCfg = Debug|Any CPU
		{8C8E56E4-9B91-4EC1-82CA-7EC017E4E43A}.Debug|Any CPU.Build.0 = Debug|Any CPU
		{8C8E56E4-9B91-4EC1-82CA-7EC017E4E43A}.Release|Any CPU.ActiveCfg = Release|Any CPU
		{8C8E56E4-9B91-4EC1-82CA-7EC017E4E43A}.Release|Any CPU.Build.0 = Release|Any CPU
		{85D3796A-9536-460E-8FF0-F96ACD68878F}.Debug|Any CPU.ActiveCfg = Debug|Any CPU
		{85D3796A-9536-460E-8FF0-F96ACD68878F}.Debug|Any CPU.Build.0 = Debug|Any CPU
		{85D3796A-9536-460E-8FF0-F96ACD68878F}.Release|Any CPU.ActiveCfg = Release|Any CPU
		{85D3796A-9536-460E-8FF0-F96ACD68878F}.Release|Any CPU.Build.0 = Release|Any CPU
		{27F28F3A-17FE-4EE3-ABF4-1A13EA1ABFF5}.Debug|Any CPU.ActiveCfg = Debug|Any CPU
		{27F28F3A-17FE-4EE3-ABF4-1A13EA1ABFF5}.Debug|Any CPU.Build.0 = Debug|Any CPU
		{27F28F3A-17FE-4EE3-ABF4-1A13EA1ABFF5}.Release|Any CPU.ActiveCfg = Release|Any CPU
		{27F28F3A-17FE-4EE3-ABF4-1A13EA1ABFF5}.Release|Any CPU.Build.0 = Release|Any CPU
		{80E2C9D4-F13F-482E-BC5D-678E61A88FA6}.Debug|Any CPU.ActiveCfg = Debug|Any CPU
		{80E2C9D4-F13F-482E-BC5D-678E61A88FA6}.Debug|Any CPU.Build.0 = Debug|Any CPU
		{80E2C9D4-F13F-482E-BC5D-678E61A88FA6}.Release|Any CPU.ActiveCfg = Release|Any CPU
		{80E2C9D4-F13F-482E-BC5D-678E61A88FA6}.Release|Any CPU.Build.0 = Release|Any CPU
		{A060B03D-3DEF-4826-888F-1B80059B7E13}.Debug|Any CPU.ActiveCfg = Debug|Any CPU
		{A060B03D-3DEF-4826-888F-1B80059B7E13}.Debug|Any CPU.Build.0 = Debug|Any CPU
		{A060B03D-3DEF-4826-888F-1B80059B7E13}.Release|Any CPU.ActiveCfg = Release|Any CPU
		{A060B03D-3DEF-4826-888F-1B80059B7E13}.Release|Any CPU.Build.0 = Release|Any CPU
		{36E21D50-504F-4AE2-946E-B4693F23C905}.Debug|Any CPU.ActiveCfg = Debug|Any CPU
		{36E21D50-504F-4AE2-946E-B4693F23C905}.Debug|Any CPU.Build.0 = Debug|Any CPU
		{36E21D50-504F-4AE2-946E-B4693F23C905}.Release|Any CPU.ActiveCfg = Release|Any CPU
		{36E21D50-504F-4AE2-946E-B4693F23C905}.Release|Any CPU.Build.0 = Release|Any CPU
		{B7AA01EE-C40D-4D5F-AF7D-85050154D1EC}.Debug|Any CPU.ActiveCfg = Debug|Any CPU
		{B7AA01EE-C40D-4D5F-AF7D-85050154D1EC}.Debug|Any CPU.Build.0 = Debug|Any CPU
		{B7AA01EE-C40D-4D5F-AF7D-85050154D1EC}.Release|Any CPU.ActiveCfg = Release|Any CPU
		{B7AA01EE-C40D-4D5F-AF7D-85050154D1EC}.Release|Any CPU.Build.0 = Release|Any CPU
		{57309725-0F3D-4A63-B876-05366E0DE7DF}.Debug|Any CPU.ActiveCfg = Debug|Any CPU
		{57309725-0F3D-4A63-B876-05366E0DE7DF}.Debug|Any CPU.Build.0 = Debug|Any CPU
		{57309725-0F3D-4A63-B876-05366E0DE7DF}.Release|Any CPU.ActiveCfg = Release|Any CPU
		{57309725-0F3D-4A63-B876-05366E0DE7DF}.Release|Any CPU.Build.0 = Release|Any CPU
		{5638EDFA-60FA-49B9-A7D3-99B043BF7EF5}.Debug|Any CPU.ActiveCfg = Debug|Any CPU
		{5638EDFA-60FA-49B9-A7D3-99B043BF7EF5}.Debug|Any CPU.Build.0 = Debug|Any CPU
		{5638EDFA-60FA-49B9-A7D3-99B043BF7EF5}.Release|Any CPU.ActiveCfg = Release|Any CPU
		{5638EDFA-60FA-49B9-A7D3-99B043BF7EF5}.Release|Any CPU.Build.0 = Release|Any CPU
		{3B7B2CA0-A0E1-44EB-AD21-2B15919AA62D}.Debug|Any CPU.ActiveCfg = Debug|Any CPU
		{3B7B2CA0-A0E1-44EB-AD21-2B15919AA62D}.Debug|Any CPU.Build.0 = Debug|Any CPU
		{3B7B2CA0-A0E1-44EB-AD21-2B15919AA62D}.Release|Any CPU.ActiveCfg = Release|Any CPU
		{3B7B2CA0-A0E1-44EB-AD21-2B15919AA62D}.Release|Any CPU.Build.0 = Release|Any CPU
		{AC0283FC-4A42-4BFE-8158-BDB7F2BF6D17}.Debug|Any CPU.ActiveCfg = Debug|Any CPU
		{AC0283FC-4A42-4BFE-8158-BDB7F2BF6D17}.Debug|Any CPU.Build.0 = Debug|Any CPU
		{AC0283FC-4A42-4BFE-8158-BDB7F2BF6D17}.Release|Any CPU.ActiveCfg = Release|Any CPU
		{AC0283FC-4A42-4BFE-8158-BDB7F2BF6D17}.Release|Any CPU.Build.0 = Release|Any CPU
		{5030B19E-A359-4628-9A56-9930FB0DC429}.Debug|Any CPU.ActiveCfg = Debug|Any CPU
		{5030B19E-A359-4628-9A56-9930FB0DC429}.Debug|Any CPU.Build.0 = Debug|Any CPU
		{5030B19E-A359-4628-9A56-9930FB0DC429}.Release|Any CPU.ActiveCfg = Release|Any CPU
		{5030B19E-A359-4628-9A56-9930FB0DC429}.Release|Any CPU.Build.0 = Release|Any CPU
		{34630FE1-166E-49BC-B527-E47E2BF81AA2}.Debug|Any CPU.ActiveCfg = Debug|Any CPU
		{34630FE1-166E-49BC-B527-E47E2BF81AA2}.Debug|Any CPU.Build.0 = Debug|Any CPU
		{34630FE1-166E-49BC-B527-E47E2BF81AA2}.Release|Any CPU.ActiveCfg = Release|Any CPU
		{34630FE1-166E-49BC-B527-E47E2BF81AA2}.Release|Any CPU.Build.0 = Release|Any CPU
		{52F602CD-701F-4CCB-BE12-BBB1503DC9BD}.Debug|Any CPU.ActiveCfg = Debug|Any CPU
		{52F602CD-701F-4CCB-BE12-BBB1503DC9BD}.Debug|Any CPU.Build.0 = Debug|Any CPU
		{52F602CD-701F-4CCB-BE12-BBB1503DC9BD}.Release|Any CPU.ActiveCfg = Release|Any CPU
		{52F602CD-701F-4CCB-BE12-BBB1503DC9BD}.Release|Any CPU.Build.0 = Release|Any CPU
		{EAF0CE5C-ADA1-4990-932C-31EFE7C4CD3E}.Debug|Any CPU.ActiveCfg = Debug|Any CPU
		{EAF0CE5C-ADA1-4990-932C-31EFE7C4CD3E}.Debug|Any CPU.Build.0 = Debug|Any CPU
		{EAF0CE5C-ADA1-4990-932C-31EFE7C4CD3E}.Release|Any CPU.ActiveCfg = Release|Any CPU
		{EAF0CE5C-ADA1-4990-932C-31EFE7C4CD3E}.Release|Any CPU.Build.0 = Release|Any CPU
		{39ADC655-7F6D-4C16-BF9D-AB95FCDCA1A8}.Debug|Any CPU.ActiveCfg = Debug|Any CPU
		{39ADC655-7F6D-4C16-BF9D-AB95FCDCA1A8}.Debug|Any CPU.Build.0 = Debug|Any CPU
		{39ADC655-7F6D-4C16-BF9D-AB95FCDCA1A8}.Release|Any CPU.ActiveCfg = Release|Any CPU
		{39ADC655-7F6D-4C16-BF9D-AB95FCDCA1A8}.Release|Any CPU.Build.0 = Release|Any CPU
		{D69E3157-18F8-4AEF-A224-623845B017ED}.Debug|Any CPU.ActiveCfg = Debug|Any CPU
		{D69E3157-18F8-4AEF-A224-623845B017ED}.Debug|Any CPU.Build.0 = Debug|Any CPU
		{D69E3157-18F8-4AEF-A224-623845B017ED}.Release|Any CPU.ActiveCfg = Release|Any CPU
		{D69E3157-18F8-4AEF-A224-623845B017ED}.Release|Any CPU.Build.0 = Release|Any CPU
		{5F9ED3EC-59BD-44FD-B836-2DDFFAAA424B}.Debug|Any CPU.ActiveCfg = Debug|Any CPU
		{5F9ED3EC-59BD-44FD-B836-2DDFFAAA424B}.Debug|Any CPU.Build.0 = Debug|Any CPU
		{5F9ED3EC-59BD-44FD-B836-2DDFFAAA424B}.Release|Any CPU.ActiveCfg = Release|Any CPU
		{5F9ED3EC-59BD-44FD-B836-2DDFFAAA424B}.Release|Any CPU.Build.0 = Release|Any CPU
		{2265181D-CE7B-4F41-8882-94B240007887}.Debug|Any CPU.ActiveCfg = Debug|Any CPU
		{2265181D-CE7B-4F41-8882-94B240007887}.Debug|Any CPU.Build.0 = Debug|Any CPU
		{2265181D-CE7B-4F41-8882-94B240007887}.Release|Any CPU.ActiveCfg = Release|Any CPU
		{2265181D-CE7B-4F41-8882-94B240007887}.Release|Any CPU.Build.0 = Release|Any CPU
		{BF886DA3-B98E-4D0B-B340-3A1BAA632FE9}.Debug|Any CPU.ActiveCfg = Debug|Any CPU
		{BF886DA3-B98E-4D0B-B340-3A1BAA632FE9}.Debug|Any CPU.Build.0 = Debug|Any CPU
		{BF886DA3-B98E-4D0B-B340-3A1BAA632FE9}.Release|Any CPU.ActiveCfg = Release|Any CPU
		{BF886DA3-B98E-4D0B-B340-3A1BAA632FE9}.Release|Any CPU.Build.0 = Release|Any CPU
		{9E020E06-96B4-48A4-9692-5446955A5EB7}.Debug|Any CPU.ActiveCfg = Debug|Any CPU
		{9E020E06-96B4-48A4-9692-5446955A5EB7}.Debug|Any CPU.Build.0 = Debug|Any CPU
		{9E020E06-96B4-48A4-9692-5446955A5EB7}.Release|Any CPU.ActiveCfg = Release|Any CPU
		{9E020E06-96B4-48A4-9692-5446955A5EB7}.Release|Any CPU.Build.0 = Release|Any CPU
		{B04B9CF5-41FE-45E9-9F53-C8C1BC895410}.Debug|Any CPU.ActiveCfg = Debug|Any CPU
		{B04B9CF5-41FE-45E9-9F53-C8C1BC895410}.Debug|Any CPU.Build.0 = Debug|Any CPU
		{B04B9CF5-41FE-45E9-9F53-C8C1BC895410}.Release|Any CPU.ActiveCfg = Release|Any CPU
		{B04B9CF5-41FE-45E9-9F53-C8C1BC895410}.Release|Any CPU.Build.0 = Release|Any CPU
		{5C882A85-BB32-4D0A-A2D3-3635ADACD310}.Debug|Any CPU.ActiveCfg = Debug|Any CPU
		{5C882A85-BB32-4D0A-A2D3-3635ADACD310}.Debug|Any CPU.Build.0 = Debug|Any CPU
		{5C882A85-BB32-4D0A-A2D3-3635ADACD310}.Release|Any CPU.ActiveCfg = Release|Any CPU
		{5C882A85-BB32-4D0A-A2D3-3635ADACD310}.Release|Any CPU.Build.0 = Release|Any CPU
	EndGlobalSection
	GlobalSection(SolutionProperties) = preSolution
		HideSolutionNode = FALSE
	EndGlobalSection
	GlobalSection(NestedProjects) = preSolution
		{94B19A70-3F0D-4E7F-9249-4CBDC97D92F9} = {6F087F5F-839F-4829-B1FB-1BC2F8F4C0C6}
		{FFB9C128-CA7E-40BB-BBCD-7B28707C6719} = {6F087F5F-839F-4829-B1FB-1BC2F8F4C0C6}
		{A5DB04F0-1DFF-4533-8C49-EE4F1519B5FF} = {AB865795-450F-4980-B7C9-238E49C2D5E0}
		{2B1B69BB-FFF7-4DD6-967B-CA5180EBEE85} = {88338723-DC28-4CF8-9537-4C1C746ABD58}
		{AB865795-450F-4980-B7C9-238E49C2D5E0} = {88338723-DC28-4CF8-9537-4C1C746ABD58}
		{8C8E56E4-9B91-4EC1-82CA-7EC017E4E43A} = {88338723-DC28-4CF8-9537-4C1C746ABD58}
		{85D3796A-9536-460E-8FF0-F96ACD68878F} = {88338723-DC28-4CF8-9537-4C1C746ABD58}
		{D5A6E48F-B4F3-4079-920E-62429AB43D28} = {6F087F5F-839F-4829-B1FB-1BC2F8F4C0C6}
		{27F28F3A-17FE-4EE3-ABF4-1A13EA1ABFF5} = {D5A6E48F-B4F3-4079-920E-62429AB43D28}
		{80E2C9D4-F13F-482E-BC5D-678E61A88FA6} = {6F087F5F-839F-4829-B1FB-1BC2F8F4C0C6}
		{A060B03D-3DEF-4826-888F-1B80059B7E13} = {D5A6E48F-B4F3-4079-920E-62429AB43D28}
		{36E21D50-504F-4AE2-946E-B4693F23C905} = {D5A6E48F-B4F3-4079-920E-62429AB43D28}
		{B7AA01EE-C40D-4D5F-AF7D-85050154D1EC} = {D5A6E48F-B4F3-4079-920E-62429AB43D28}
		{57309725-0F3D-4A63-B876-05366E0DE7DF} = {D5A6E48F-B4F3-4079-920E-62429AB43D28}
		{5638EDFA-60FA-49B9-A7D3-99B043BF7EF5} = {D5A6E48F-B4F3-4079-920E-62429AB43D28}
		{3B7B2CA0-A0E1-44EB-AD21-2B15919AA62D} = {6F087F5F-839F-4829-B1FB-1BC2F8F4C0C6}
		{AC0283FC-4A42-4BFE-8158-BDB7F2BF6D17} = {D5A6E48F-B4F3-4079-920E-62429AB43D28}
		{5030B19E-A359-4628-9A56-9930FB0DC429} = {D5A6E48F-B4F3-4079-920E-62429AB43D28}
		{34630FE1-166E-49BC-B527-E47E2BF81AA2} = {D5A6E48F-B4F3-4079-920E-62429AB43D28}
		{52F602CD-701F-4CCB-BE12-BBB1503DC9BD} = {D5A6E48F-B4F3-4079-920E-62429AB43D28}
		{EAF0CE5C-ADA1-4990-932C-31EFE7C4CD3E} = {88338723-DC28-4CF8-9537-4C1C746ABD58}
		{39ADC655-7F6D-4C16-BF9D-AB95FCDCA1A8} = {88338723-DC28-4CF8-9537-4C1C746ABD58}
		{D69E3157-18F8-4AEF-A224-623845B017ED} = {88338723-DC28-4CF8-9537-4C1C746ABD58}
		{BF886DA3-B98E-4D0B-B340-3A1BAA632FE9} = {88338723-DC28-4CF8-9537-4C1C746ABD58}
		{9E020E06-96B4-48A4-9692-5446955A5EB7} = {88338723-DC28-4CF8-9537-4C1C746ABD58}
		{B04B9CF5-41FE-45E9-9F53-C8C1BC895410} = {8C06431A-4DBC-4E1B-8EAD-B925CD72A3EC}
		{5C882A85-BB32-4D0A-A2D3-3635ADACD310} = {AB865795-450F-4980-B7C9-238E49C2D5E0}
	EndGlobalSection
	GlobalSection(ExtensibilityGlobals) = postSolution
		SolutionGuid = {31FA2FE4-54F2-4EFB-8CD9-2430DB8D4FB1}
	EndGlobalSection
	GlobalSection(SubversionScc) = preSolution
		Svn-Managed = True
		Manager = AnkhSVN - Subversion Support for Visual Studio
	EndGlobalSection
EndGlobal
