
Microsoft Visual Studio Solution File, Format Version 12.00
# Visual Studio 15
VisualStudioVersion = 15.0.27703.2035
MinimumVisualStudioVersion = 10.0.40219.1
Project("{FAE04EC0-301F-11D3-BF4B-00C04F79EFBC}") = "VideoPlayer", "VideoPlayer\VideoPlayer.csproj", "{94B19A70-3F0D-4E7F-9249-4CBDC97D92F9}"
EndProject
Project("{FAE04EC0-301F-11D3-BF4B-00C04F79EFBC}") = "Classes", "Classes\Classes.csproj", "{FFB9C128-CA7E-40BB-BBCD-7B28707C6719}"
EndProject
Project("{FAE04EC0-301F-11D3-BF4B-00C04F79EFBC}") = "MethodsTest", "MethodsTest\MethodsTest.csproj", "{A6BA87C3-DCFD-48DB-B895-041365E496E8}"
EndProject
Project("{FAE04EC0-301F-11D3-BF4B-00C04F79EFBC}") = "Log", "Log\Log.csproj", "{02C8E3B1-3796-49B2-ABA2-67D0E8644871}"
EndProject
Project("{FAE04EC0-301F-11D3-BF4B-00C04F79EFBC}") = "VideoPlayer.Database.Repository", "VideoPlayer.Database.Repository\VideoPlayer.Database.Repository.csproj", "{A5DB04F0-1DFF-4533-8C49-EE4F1519B5FF}"
EndProject
Project("{FAE04EC0-301F-11D3-BF4B-00C04F79EFBC}") = "VideoPlayer.Helpers", "VideoPlayer.Helpers\VideoPlayer.Helpers.csproj", "{2B1B69BB-FFF7-4DD6-967B-CA5180EBEE85}"
EndProject
Project("{2150E333-8FDC-42A3-9474-1A3956D46DE8}") = "Database", "Database", "{AB865795-450F-4980-B7C9-238E49C2D5E0}"
EndProject
Project("{FAE04EC0-301F-11D3-BF4B-00C04F79EFBC}") = "VideoPlayer.Services", "VideoPlayer.Services\VideoPlayer.Services.csproj", "{8C8E56E4-9B91-4EC1-82CA-7EC017E4E43A}"
EndProject
Project("{FAE04EC0-301F-11D3-BF4B-00C04F79EFBC}") = "VideoPlayer.Common", "VideoPlayer.Common\VideoPlayer.Common.csproj", "{85D3796A-9536-460E-8FF0-F96ACD68878F}"
EndProject
Project("{2150E333-8FDC-42A3-9474-1A3956D46DE8}") = "Modules", "Modules", "{D5A6E48F-B4F3-4079-920E-62429AB43D28}"
EndProject
Project("{FAE04EC0-301F-11D3-BF4B-00C04F79EFBC}") = "Module", "Module\Module.csproj", "{27F28F3A-17FE-4EE3-ABF4-1A13EA1ABFF5}"
EndProject
Project("{FAE04EC0-301F-11D3-BF4B-00C04F79EFBC}") = "VideoPlayer.Infrastructure", "VideoPlayer.Infrastructure\VideoPlayer.Infrastructure.csproj", "{80E2C9D4-F13F-482E-BC5D-678E61A88FA6}"
EndProject
Project("{FAE04EC0-301F-11D3-BF4B-00C04F79EFBC}") = "VlcPlayer", "VlcPlayer\VlcPlayer.csproj", "{A060B03D-3DEF-4826-888F-1B80059B7E13}"
EndProject
Project("{FAE04EC0-301F-11D3-BF4B-00C04F79EFBC}") = "NewVlcPlayer", "NEwVlcPlayer\NewVlcPlayer.csproj", "{C08E79E6-FAF0-4B21-AAEF-3D0191865F03}"
EndProject
Project("{FAE04EC0-301F-11D3-BF4B-00C04F79EFBC}") = "HomeModule", "HomeModule\HomeModule.csproj", "{36E21D50-504F-4AE2-946E-B4693F23C905}"
EndProject
Project("{2150E333-8FDC-42A3-9474-1A3956D46DE8}") = "Test", "Test", "{8C06431A-4DBC-4E1B-8EAD-B925CD72A3EC}"
EndProject
Project("{FAE04EC0-301F-11D3-BF4B-00C04F79EFBC}") = "TestNewPlayer", "TestNewPlayer\TestNewPlayer.csproj", "{E6051A79-16CC-4D3C-A5A1-9C8DC95E6865}"
EndProject
Project("{FAE04EC0-301F-11D3-BF4B-00C04F79EFBC}") = "PlaylistModule", "Modules\PlaylistModule\PlaylistModule.csproj", "{B7AA01EE-C40D-4D5F-AF7D-85050154D1EC}"
EndProject
Project("{FAE04EC0-301F-11D3-BF4B-00C04F79EFBC}") = "VideosListModule", "VideosListModule\VideosListModule.csproj", "{57309725-0F3D-4A63-B876-05366E0DE7DF}"
EndProject
Project("{FAE04EC0-301F-11D3-BF4B-00C04F79EFBC}") = "InformationEditionModule", "InformationEditionModule\InformationEditionModule.csproj", "{5638EDFA-60FA-49B9-A7D3-99B043BF7EF5}"
EndProject
Project("{FAE04EC0-301F-11D3-BF4B-00C04F79EFBC}") = "LeDragon.Controls", "LeDragon.Controls\LeDragon.Controls.csproj", "{3B7B2CA0-A0E1-44EB-AD21-2B15919AA62D}"
EndProject
Project("{FAE04EC0-301F-11D3-BF4B-00C04F79EFBC}") = "ManageLibraryModule", "ManageLibraryModule\ManageLibraryModule.csproj", "{AC0283FC-4A42-4BFE-8158-BDB7F2BF6D17}"
EndProject
Project("{FAE04EC0-301F-11D3-BF4B-00C04F79EFBC}") = "VideoPlayer.SettingsModule", "VideoPlayer.SettingsModule\VideoPlayer.SettingsModule.csproj", "{5030B19E-A359-4628-9A56-9930FB0DC429}"
EndProject
Project("{FAE04EC0-301F-11D3-BF4B-00C04F79EFBC}") = "VideoPlayer.VideoListInteraction", "VideoPlayer.VideoListInteraction\VideoPlayer.VideoListInteraction.csproj", "{34630FE1-166E-49BC-B527-E47E2BF81AA2}"
EndProject
Project("{FAE04EC0-301F-11D3-BF4B-00C04F79EFBC}") = "VideoPlayer.PlaylistManagement", "VideoPlayer.PlaylistManagement\VideoPlayer.PlaylistManagement.csproj", "{52F602CD-701F-4CCB-BE12-BBB1503DC9BD}"
EndProject
Project("{FAE04EC0-301F-11D3-BF4B-00C04F79EFBC}") = "LeDragon.Log.Standard", "LeDragon.Log.Standard\LeDragon.Log.Standard.csproj", "{EAF0CE5C-ADA1-4990-932C-31EFE7C4CD3E}"
EndProject
Global
	GlobalSection(SolutionConfigurationPlatforms) = preSolution
		Debug|Any CPU = Debug|Any CPU
		Release|Any CPU = Release|Any CPU
	EndGlobalSection
	GlobalSection(ProjectConfigurationPlatforms) = postSolution
		{94B19A70-3F0D-4E7F-9249-4CBDC97D92F9}.Debug|Any CPU.ActiveCfg = Debug|Any CPU
		{94B19A70-3F0D-4E7F-9249-4CBDC97D92F9}.Debug|Any CPU.Build.0 = Debug|Any CPU
		{94B19A70-3F0D-4E7F-9249-4CBDC97D92F9}.Release|Any CPU.ActiveCfg = Release|Any CPU
		{94B19A70-3F0D-4E7F-9249-4CBDC97D92F9}.Release|Any CPU.Build.0 = Release|Any CPU
		{FFB9C128-CA7E-40BB-BBCD-7B28707C6719}.Debug|Any CPU.ActiveCfg = Debug|Any CPU
		{FFB9C128-CA7E-40BB-BBCD-7B28707C6719}.Debug|Any CPU.Build.0 = Debug|Any CPU
		{FFB9C128-CA7E-40BB-BBCD-7B28707C6719}.Release|Any CPU.ActiveCfg = Release|Any CPU
		{FFB9C128-CA7E-40BB-BBCD-7B28707C6719}.Release|Any CPU.Build.0 = Release|Any CPU
		{A6BA87C3-DCFD-48DB-B895-041365E496E8}.Debug|Any CPU.ActiveCfg = Debug|Any CPU
		{A6BA87C3-DCFD-48DB-B895-041365E496E8}.Debug|Any CPU.Build.0 = Debug|Any CPU
		{A6BA87C3-DCFD-48DB-B895-041365E496E8}.Release|Any CPU.ActiveCfg = Release|Any CPU
		{A6BA87C3-DCFD-48DB-B895-041365E496E8}.Release|Any CPU.Build.0 = Release|Any CPU
		{02C8E3B1-3796-49B2-ABA2-67D0E8644871}.Debug|Any CPU.ActiveCfg = Debug|Any CPU
		{02C8E3B1-3796-49B2-ABA2-67D0E8644871}.Debug|Any CPU.Build.0 = Debug|Any CPU
		{02C8E3B1-3796-49B2-ABA2-67D0E8644871}.Release|Any CPU.ActiveCfg = Release|Any CPU
		{02C8E3B1-3796-49B2-ABA2-67D0E8644871}.Release|Any CPU.Build.0 = Release|Any CPU
		{A5DB04F0-1DFF-4533-8C49-EE4F1519B5FF}.Debug|Any CPU.ActiveCfg = Debug|Any CPU
		{A5DB04F0-1DFF-4533-8C49-EE4F1519B5FF}.Debug|Any CPU.Build.0 = Debug|Any CPU
		{A5DB04F0-1DFF-4533-8C49-EE4F1519B5FF}.Release|Any CPU.ActiveCfg = Release|Any CPU
		{A5DB04F0-1DFF-4533-8C49-EE4F1519B5FF}.Release|Any CPU.Build.0 = Release|Any CPU
		{2B1B69BB-FFF7-4DD6-967B-CA5180EBEE85}.Debug|Any CPU.ActiveCfg = Debug|Any CPU
		{2B1B69BB-FFF7-4DD6-967B-CA5180EBEE85}.Debug|Any CPU.Build.0 = Debug|Any CPU
		{2B1B69BB-FFF7-4DD6-967B-CA5180EBEE85}.Release|Any CPU.ActiveCfg = Release|Any CPU
		{2B1B69BB-FFF7-4DD6-967B-CA5180EBEE85}.Release|Any CPU.Build.0 = Release|Any CPU
		{8C8E56E4-9B91-4EC1-82CA-7EC017E4E43A}.Debug|Any CPU.ActiveCfg = Debug|Any CPU
		{8C8E56E4-9B91-4EC1-82CA-7EC017E4E43A}.Debug|Any CPU.Build.0 = Debug|Any CPU
		{8C8E56E4-9B91-4EC1-82CA-7EC017E4E43A}.Release|Any CPU.ActiveCfg = Release|Any CPU
		{8C8E56E4-9B91-4EC1-82CA-7EC017E4E43A}.Release|Any CPU.Build.0 = Release|Any CPU
		{85D3796A-9536-460E-8FF0-F96ACD68878F}.Debug|Any CPU.ActiveCfg = Debug|Any CPU
		{85D3796A-9536-460E-8FF0-F96ACD68878F}.Debug|Any CPU.Build.0 = Debug|Any CPU
		{85D3796A-9536-460E-8FF0-F96ACD68878F}.Release|Any CPU.ActiveCfg = Release|Any CPU
		{85D3796A-9536-460E-8FF0-F96ACD68878F}.Release|Any CPU.Build.0 = Release|Any CPU
		{27F28F3A-17FE-4EE3-ABF4-1A13EA1ABFF5}.Debug|Any CPU.ActiveCfg = Debug|Any CPU
		{27F28F3A-17FE-4EE3-ABF4-1A13EA1ABFF5}.Debug|Any CPU.Build.0 = Debug|Any CPU
		{27F28F3A-17FE-4EE3-ABF4-1A13EA1ABFF5}.Release|Any CPU.ActiveCfg = Release|Any CPU
		{27F28F3A-17FE-4EE3-ABF4-1A13EA1ABFF5}.Release|Any CPU.Build.0 = Release|Any CPU
		{80E2C9D4-F13F-482E-BC5D-678E61A88FA6}.Debug|Any CPU.ActiveCfg = Debug|Any CPU
		{80E2C9D4-F13F-482E-BC5D-678E61A88FA6}.Debug|Any CPU.Build.0 = Debug|Any CPU
		{80E2C9D4-F13F-482E-BC5D-678E61A88FA6}.Release|Any CPU.ActiveCfg = Release|Any CPU
		{80E2C9D4-F13F-482E-BC5D-678E61A88FA6}.Release|Any CPU.Build.0 = Release|Any CPU
		{A060B03D-3DEF-4826-888F-1B80059B7E13}.Debug|Any CPU.ActiveCfg = Debug|Any CPU
		{A060B03D-3DEF-4826-888F-1B80059B7E13}.Debug|Any CPU.Build.0 = Debug|Any CPU
		{A060B03D-3DEF-4826-888F-1B80059B7E13}.Release|Any CPU.ActiveCfg = Release|Any CPU
		{A060B03D-3DEF-4826-888F-1B80059B7E13}.Release|Any CPU.Build.0 = Release|Any CPU
		{C08E79E6-FAF0-4B21-AAEF-3D0191865F03}.Debug|Any CPU.ActiveCfg = Debug|Any CPU
		{C08E79E6-FAF0-4B21-AAEF-3D0191865F03}.Debug|Any CPU.Build.0 = Debug|Any CPU
		{C08E79E6-FAF0-4B21-AAEF-3D0191865F03}.Release|Any CPU.ActiveCfg = Release|Any CPU
		{C08E79E6-FAF0-4B21-AAEF-3D0191865F03}.Release|Any CPU.Build.0 = Release|Any CPU
		{36E21D50-504F-4AE2-946E-B4693F23C905}.Debug|Any CPU.ActiveCfg = Debug|Any CPU
		{36E21D50-504F-4AE2-946E-B4693F23C905}.Debug|Any CPU.Build.0 = Debug|Any CPU
		{36E21D50-504F-4AE2-946E-B4693F23C905}.Release|Any CPU.ActiveCfg = Release|Any CPU
		{36E21D50-504F-4AE2-946E-B4693F23C905}.Release|Any CPU.Build.0 = Release|Any CPU
		{E6051A79-16CC-4D3C-A5A1-9C8DC95E6865}.Debug|Any CPU.ActiveCfg = Debug|Any CPU
		{E6051A79-16CC-4D3C-A5A1-9C8DC95E6865}.Debug|Any CPU.Build.0 = Debug|Any CPU
		{E6051A79-16CC-4D3C-A5A1-9C8DC95E6865}.Release|Any CPU.ActiveCfg = Release|Any CPU
		{E6051A79-16CC-4D3C-A5A1-9C8DC95E6865}.Release|Any CPU.Build.0 = Release|Any CPU
		{B7AA01EE-C40D-4D5F-AF7D-85050154D1EC}.Debug|Any CPU.ActiveCfg = Debug|Any CPU
		{B7AA01EE-C40D-4D5F-AF7D-85050154D1EC}.Debug|Any CPU.Build.0 = Debug|Any CPU
		{B7AA01EE-C40D-4D5F-AF7D-85050154D1EC}.Release|Any CPU.ActiveCfg = Release|Any CPU
		{B7AA01EE-C40D-4D5F-AF7D-85050154D1EC}.Release|Any CPU.Build.0 = Release|Any CPU
		{57309725-0F3D-4A63-B876-05366E0DE7DF}.Debug|Any CPU.ActiveCfg = Debug|Any CPU
		{57309725-0F3D-4A63-B876-05366E0DE7DF}.Debug|Any CPU.Build.0 = Debug|Any CPU
		{57309725-0F3D-4A63-B876-05366E0DE7DF}.Release|Any CPU.ActiveCfg = Release|Any CPU
		{57309725-0F3D-4A63-B876-05366E0DE7DF}.Release|Any CPU.Build.0 = Release|Any CPU
		{5638EDFA-60FA-49B9-A7D3-99B043BF7EF5}.Debug|Any CPU.ActiveCfg = Debug|Any CPU
		{5638EDFA-60FA-49B9-A7D3-99B043BF7EF5}.Debug|Any CPU.Build.0 = Debug|Any CPU
		{5638EDFA-60FA-49B9-A7D3-99B043BF7EF5}.Release|Any CPU.ActiveCfg = Release|Any CPU
		{5638EDFA-60FA-49B9-A7D3-99B043BF7EF5}.Release|Any CPU.Build.0 = Release|Any CPU
		{3B7B2CA0-A0E1-44EB-AD21-2B15919AA62D}.Debug|Any CPU.ActiveCfg = Debug|Any CPU
		{3B7B2CA0-A0E1-44EB-AD21-2B15919AA62D}.Debug|Any CPU.Build.0 = Debug|Any CPU
		{3B7B2CA0-A0E1-44EB-AD21-2B15919AA62D}.Release|Any CPU.ActiveCfg = Release|Any CPU
		{3B7B2CA0-A0E1-44EB-AD21-2B15919AA62D}.Release|Any CPU.Build.0 = Release|Any CPU
		{AC0283FC-4A42-4BFE-8158-BDB7F2BF6D17}.Debug|Any CPU.ActiveCfg = Debug|Any CPU
		{AC0283FC-4A42-4BFE-8158-BDB7F2BF6D17}.Debug|Any CPU.Build.0 = Debug|Any CPU
		{AC0283FC-4A42-4BFE-8158-BDB7F2BF6D17}.Release|Any CPU.ActiveCfg = Release|Any CPU
		{AC0283FC-4A42-4BFE-8158-BDB7F2BF6D17}.Release|Any CPU.Build.0 = Release|Any CPU
		{5030B19E-A359-4628-9A56-9930FB0DC429}.Debug|Any CPU.ActiveCfg = Debug|Any CPU
		{5030B19E-A359-4628-9A56-9930FB0DC429}.Debug|Any CPU.Build.0 = Debug|Any CPU
		{5030B19E-A359-4628-9A56-9930FB0DC429}.Release|Any CPU.ActiveCfg = Release|Any CPU
		{5030B19E-A359-4628-9A56-9930FB0DC429}.Release|Any CPU.Build.0 = Release|Any CPU
		{34630FE1-166E-49BC-B527-E47E2BF81AA2}.Debug|Any CPU.ActiveCfg = Debug|Any CPU
		{34630FE1-166E-49BC-B527-E47E2BF81AA2}.Debug|Any CPU.Build.0 = Debug|Any CPU
		{34630FE1-166E-49BC-B527-E47E2BF81AA2}.Release|Any CPU.ActiveCfg = Release|Any CPU
		{34630FE1-166E-49BC-B527-E47E2BF81AA2}.Release|Any CPU.Build.0 = Release|Any CPU
		{52F602CD-701F-4CCB-BE12-BBB1503DC9BD}.Debug|Any CPU.ActiveCfg = Debug|Any CPU
		{52F602CD-701F-4CCB-BE12-BBB1503DC9BD}.Debug|Any CPU.Build.0 = Debug|Any CPU
		{52F602CD-701F-4CCB-BE12-BBB1503DC9BD}.Release|Any CPU.ActiveCfg = Release|Any CPU
		{52F602CD-701F-4CCB-BE12-BBB1503DC9BD}.Release|Any CPU.Build.0 = Release|Any CPU
		{EAF0CE5C-ADA1-4990-932C-31EFE7C4CD3E}.Debug|Any CPU.ActiveCfg = Debug|Any CPU
		{EAF0CE5C-ADA1-4990-932C-31EFE7C4CD3E}.Debug|Any CPU.Build.0 = Debug|Any CPU
		{EAF0CE5C-ADA1-4990-932C-31EFE7C4CD3E}.Release|Any CPU.ActiveCfg = Release|Any CPU
		{EAF0CE5C-ADA1-4990-932C-31EFE7C4CD3E}.Release|Any CPU.Build.0 = Release|Any CPU
	EndGlobalSection
	GlobalSection(SolutionProperties) = preSolution
		HideSolutionNode = FALSE
	EndGlobalSection
	GlobalSection(NestedProjects) = preSolution
		{A6BA87C3-DCFD-48DB-B895-041365E496E8} = {8C06431A-4DBC-4E1B-8EAD-B925CD72A3EC}
		{A5DB04F0-1DFF-4533-8C49-EE4F1519B5FF} = {AB865795-450F-4980-B7C9-238E49C2D5E0}
		{27F28F3A-17FE-4EE3-ABF4-1A13EA1ABFF5} = {D5A6E48F-B4F3-4079-920E-62429AB43D28}
		{A060B03D-3DEF-4826-888F-1B80059B7E13} = {D5A6E48F-B4F3-4079-920E-62429AB43D28}
		{C08E79E6-FAF0-4B21-AAEF-3D0191865F03} = {D5A6E48F-B4F3-4079-920E-62429AB43D28}
		{36E21D50-504F-4AE2-946E-B4693F23C905} = {D5A6E48F-B4F3-4079-920E-62429AB43D28}
		{E6051A79-16CC-4D3C-A5A1-9C8DC95E6865} = {8C06431A-4DBC-4E1B-8EAD-B925CD72A3EC}
		{B7AA01EE-C40D-4D5F-AF7D-85050154D1EC} = {D5A6E48F-B4F3-4079-920E-62429AB43D28}
		{57309725-0F3D-4A63-B876-05366E0DE7DF} = {D5A6E48F-B4F3-4079-920E-62429AB43D28}
		{5638EDFA-60FA-49B9-A7D3-99B043BF7EF5} = {D5A6E48F-B4F3-4079-920E-62429AB43D28}
		{AC0283FC-4A42-4BFE-8158-BDB7F2BF6D17} = {D5A6E48F-B4F3-4079-920E-62429AB43D28}
		{5030B19E-A359-4628-9A56-9930FB0DC429} = {D5A6E48F-B4F3-4079-920E-62429AB43D28}
		{34630FE1-166E-49BC-B527-E47E2BF81AA2} = {D5A6E48F-B4F3-4079-920E-62429AB43D28}
		{52F602CD-701F-4CCB-BE12-BBB1503DC9BD} = {D5A6E48F-B4F3-4079-920E-62429AB43D28}
	EndGlobalSection
	GlobalSection(ExtensibilityGlobals) = postSolution
		SolutionGuid = {31FA2FE4-54F2-4EFB-8CD9-2430DB8D4FB1}
	EndGlobalSection
	GlobalSection(SubversionScc) = preSolution
		Svn-Managed = True
		Manager = AnkhSVN - Subversion Support for Visual Studio
	EndGlobalSection
EndGlobal
